<?xml version="1.0" encoding="utf-8"?>
<Project ToolsVersion="4.0" xmlns="http://schemas.microsoft.com/developer/msbuild/2003">
  <ItemGroup>
    <ClCompile Include="beamSystem.cpp" />
  </ItemGroup>
  <ItemGroup>
    <ClInclude Include="beamSystem.h" />
  </ItemGroup>
  <ItemGroup>
    <CudaCompile Include="beamSystem.cuh" />
    <CudaCompile Include="beam_kernel.cuh" />
    <CudaCompile Include="beam_kernel.cu" />
    <CudaCompile Include="beamSystem.cu" />
  </ItemGroup>
</Project>