
Microsoft Visual Studio Solution File, Format Version 10.00
# Visual Studio 2008
Project("{8BC9CEB8-8B4A-11D0-8D11-00A0C91BC942}") = "MAG.Beam", "MAG.Beam\MAG.Beam_vs90.vcproj", "{DBE27AEF-0987-48EA-B5F4-0D9B4FE0B201}"
	ProjectSection(ProjectDependencies) = postProject
		{CD4AD911-D384-4528-96B8-4454AC35141C} = {CD4AD911-D384-4528-96B8-4454AC35141C}
		{3170EE41-EE0A-4D07-A779-7EB5C9A5D82A} = {3170EE41-EE0A-4D07-A779-7EB5C9A5D82A}
	EndProjectSection
EndProject
Project("{8BC9CEB8-8B4A-11D0-8D11-00A0C91BC942}") = "MAG.BeamCore", "MAG.BeamCore\MAG.BeamCore_vs90.vcproj", "{3170EE41-EE0A-4D07-A779-7EB5C9A5D82A}"
EndProject
Project("{8BC9CEB8-8B4A-11D0-8D11-00A0C91BC942}") = "MAG.FluidBeam.Test", "MAG.FluidBeam.Test\MAG.FluidBeam.Test_vs90.vcproj", "{58B9B588-B3EF-446E-A3F4-2AAF4A0D13AC}"
	ProjectSection(ProjectDependencies) = postProject
		{F88FC515-0509-4058-8D54-5B9C18F13C65} = {F88FC515-0509-4058-8D54-5B9C18F13C65}
	EndProjectSection
EndProject
Project("{8BC9CEB8-8B4A-11D0-8D11-00A0C91BC942}") = "MAG.DamBreakCore", "MAG.DamBreakCore\MAG.DamBreakCore_vs90.vcproj", "{F6A3E97B-56F7-4A9D-9887-D70B5403D80D}"
EndProject
Project("{8BC9CEB8-8B4A-11D0-8D11-00A0C91BC942}") = "MAG.DamBreak", "MAG.DamBreak\MAG.DamBreak_vs90.vcproj", "{B51AF99A-2229-484C-99A4-CF01E6E6F0F8}"
	ProjectSection(ProjectDependencies) = postProject
		{CD4AD911-D384-4528-96B8-4454AC35141C} = {CD4AD911-D384-4528-96B8-4454AC35141C}
		{F6A3E97B-56F7-4A9D-9887-D70B5403D80D} = {F6A3E97B-56F7-4A9D-9887-D70B5403D80D}
	EndProjectSection
EndProject
Project("{8BC9CEB8-8B4A-11D0-8D11-00A0C91BC942}") = "MAG.Infrastructure", "MAG.Infrastructure\MAG.Infrastructure_vs90.vcproj", "{CD4AD911-D384-4528-96B8-4454AC35141C}"
EndProject
Project("{2150E333-8FDC-42A3-9474-1A3956D46DE8}") = "Solution Items", "Solution Items", "{F635355E-304F-4135-B4F7-79B6FB43FED8}"
	ProjectSection(SolutionItems) = preProject
		readme.txt = readme.txt
	EndProjectSection
EndProject
Project("{8BC9CEB8-8B4A-11D0-8D11-00A0C91BC942}") = "MAG.FluidBeam", "MAG.FluidBeam\MAG.FluidBeam.vcproj", "{B6AEFAC6-A6B0-4435-BA5A-CBB81D9D2F10}"
	ProjectSection(ProjectDependencies) = postProject
		{CD4AD911-D384-4528-96B8-4454AC35141C} = {CD4AD911-D384-4528-96B8-4454AC35141C}
		{F88FC515-0509-4058-8D54-5B9C18F13C65} = {F88FC515-0509-4058-8D54-5B9C18F13C65}
	EndProjectSection
EndProject
Project("{8BC9CEB8-8B4A-11D0-8D11-00A0C91BC942}") = "MAG.FluidBeamCore", "MAG.FluidBeamCore\MAG.FluidBeamCore.vcproj", "{F88FC515-0509-4058-8D54-5B9C18F13C65}"
EndProject
Project("{8BC9CEB8-8B4A-11D0-8D11-00A0C91BC942}") = "MAG.DamBreak.Test", "MAG.DamBreak.Test\MAG.DamBreak.Test.vcproj", "{754DE6D4-4B5F-48E2-9825-BF15BB6A560F}"
	ProjectSection(ProjectDependencies) = postProject
		{F6A3E97B-56F7-4A9D-9887-D70B5403D80D} = {F6A3E97B-56F7-4A9D-9887-D70B5403D80D}
	EndProjectSection
EndProject
Project("{2150E333-8FDC-42A3-9474-1A3956D46DE8}") = "Dam Break", "Dam Break", "{F5C83C7D-CBFE-4758-BF1D-BD2618CC5F3B}"
EndProject
Project("{2150E333-8FDC-42A3-9474-1A3956D46DE8}") = "FluidBeam", "FluidBeam", "{F8B11B74-56C7-4A56-9BE3-B40E7F7F11EC}"
EndProject
Project("{2150E333-8FDC-42A3-9474-1A3956D46DE8}") = "Beam", "Beam", "{4310DC2D-3A37-42A6-8549-411516427882}"
EndProject
Global
	GlobalSection(SolutionConfigurationPlatforms) = preSolution
		Debug|Win32 = Debug|Win32
		Debug|x64 = Debug|x64
		Release|Win32 = Release|Win32
		Release|x64 = Release|x64
	EndGlobalSection
	GlobalSection(ProjectConfigurationPlatforms) = postSolution
		{DBE27AEF-0987-48EA-B5F4-0D9B4FE0B201}.Debug|Win32.ActiveCfg = Debug|Win32
		{DBE27AEF-0987-48EA-B5F4-0D9B4FE0B201}.Debug|Win32.Build.0 = Debug|Win32
		{DBE27AEF-0987-48EA-B5F4-0D9B4FE0B201}.Debug|x64.ActiveCfg = Debug|x64
		{DBE27AEF-0987-48EA-B5F4-0D9B4FE0B201}.Debug|x64.Build.0 = Debug|x64
		{DBE27AEF-0987-48EA-B5F4-0D9B4FE0B201}.Release|Win32.ActiveCfg = Release|Win32
		{DBE27AEF-0987-48EA-B5F4-0D9B4FE0B201}.Release|Win32.Build.0 = Release|Win32
		{DBE27AEF-0987-48EA-B5F4-0D9B4FE0B201}.Release|x64.ActiveCfg = Release|x64
		{DBE27AEF-0987-48EA-B5F4-0D9B4FE0B201}.Release|x64.Build.0 = Release|x64
		{3170EE41-EE0A-4D07-A779-7EB5C9A5D82A}.Debug|Win32.ActiveCfg = Debug|Win32
		{3170EE41-EE0A-4D07-A779-7EB5C9A5D82A}.Debug|Win32.Build.0 = Debug|Win32
		{3170EE41-EE0A-4D07-A779-7EB5C9A5D82A}.Debug|x64.ActiveCfg = Debug|x64
		{3170EE41-EE0A-4D07-A779-7EB5C9A5D82A}.Debug|x64.Build.0 = Debug|x64
		{3170EE41-EE0A-4D07-A779-7EB5C9A5D82A}.Release|Win32.ActiveCfg = Release|Win32
		{3170EE41-EE0A-4D07-A779-7EB5C9A5D82A}.Release|Win32.Build.0 = Release|Win32
		{3170EE41-EE0A-4D07-A779-7EB5C9A5D82A}.Release|x64.ActiveCfg = Release|x64
		{3170EE41-EE0A-4D07-A779-7EB5C9A5D82A}.Release|x64.Build.0 = Release|x64
		{58B9B588-B3EF-446E-A3F4-2AAF4A0D13AC}.Debug|Win32.ActiveCfg = Debug|Win32
		{58B9B588-B3EF-446E-A3F4-2AAF4A0D13AC}.Debug|x64.ActiveCfg = Debug|x64
		{58B9B588-B3EF-446E-A3F4-2AAF4A0D13AC}.Release|Win32.ActiveCfg = Release|Win32
		{58B9B588-B3EF-446E-A3F4-2AAF4A0D13AC}.Release|Win32.Build.0 = Release|Win32
		{58B9B588-B3EF-446E-A3F4-2AAF4A0D13AC}.Release|x64.ActiveCfg = Release|Win32
		{F6A3E97B-56F7-4A9D-9887-D70B5403D80D}.Debug|Win32.ActiveCfg = Debug|Win32
		{F6A3E97B-56F7-4A9D-9887-D70B5403D80D}.Debug|Win32.Build.0 = Debug|Win32
		{F6A3E97B-56F7-4A9D-9887-D70B5403D80D}.Debug|x64.ActiveCfg = Debug|Win32
		{F6A3E97B-56F7-4A9D-9887-D70B5403D80D}.Release|Win32.ActiveCfg = Release|Win32
		{F6A3E97B-56F7-4A9D-9887-D70B5403D80D}.Release|Win32.Build.0 = Release|Win32
		{F6A3E97B-56F7-4A9D-9887-D70B5403D80D}.Release|x64.ActiveCfg = Release|Win32
		{B51AF99A-2229-484C-99A4-CF01E6E6F0F8}.Debug|Win32.ActiveCfg = Debug|Win32
		{B51AF99A-2229-484C-99A4-CF01E6E6F0F8}.Debug|Win32.Build.0 = Debug|Win32
		{B51AF99A-2229-484C-99A4-CF01E6E6F0F8}.Debug|x64.ActiveCfg = Debug|Win32
		{B51AF99A-2229-484C-99A4-CF01E6E6F0F8}.Release|Win32.ActiveCfg = Release|Win32
		{B51AF99A-2229-484C-99A4-CF01E6E6F0F8}.Release|Win32.Build.0 = Release|Win32
		{B51AF99A-2229-484C-99A4-CF01E6E6F0F8}.Release|x64.ActiveCfg = Release|Win32
		{CD4AD911-D384-4528-96B8-4454AC35141C}.Debug|Win32.ActiveCfg = Debug|Win32
		{CD4AD911-D384-4528-96B8-4454AC35141C}.Debug|Win32.Build.0 = Debug|Win32
		{CD4AD911-D384-4528-96B8-4454AC35141C}.Debug|x64.ActiveCfg = Debug|Win32
		{CD4AD911-D384-4528-96B8-4454AC35141C}.Release|Win32.ActiveCfg = Release|Win32
		{CD4AD911-D384-4528-96B8-4454AC35141C}.Release|Win32.Build.0 = Release|Win32
		{CD4AD911-D384-4528-96B8-4454AC35141C}.Release|x64.ActiveCfg = Release|Win32
		{B6AEFAC6-A6B0-4435-BA5A-CBB81D9D2F10}.Debug|Win32.ActiveCfg = Debug|Win32
		{B6AEFAC6-A6B0-4435-BA5A-CBB81D9D2F10}.Debug|Win32.Build.0 = Debug|Win32
		{B6AEFAC6-A6B0-4435-BA5A-CBB81D9D2F10}.Debug|x64.ActiveCfg = Debug|Win32
		{B6AEFAC6-A6B0-4435-BA5A-CBB81D9D2F10}.Release|Win32.ActiveCfg = Release|Win32
		{B6AEFAC6-A6B0-4435-BA5A-CBB81D9D2F10}.Release|Win32.Build.0 = Release|Win32
		{B6AEFAC6-A6B0-4435-BA5A-CBB81D9D2F10}.Release|x64.ActiveCfg = Release|Win32
		{F88FC515-0509-4058-8D54-5B9C18F13C65}.Debug|Win32.ActiveCfg = Debug|Win32
		{F88FC515-0509-4058-8D54-5B9C18F13C65}.Debug|Win32.Build.0 = Debug|Win32
		{F88FC515-0509-4058-8D54-5B9C18F13C65}.Debug|x64.ActiveCfg = Debug|Win32
		{F88FC515-0509-4058-8D54-5B9C18F13C65}.Release|Win32.ActiveCfg = Release|Win32
		{F88FC515-0509-4058-8D54-5B9C18F13C65}.Release|Win32.Build.0 = Release|Win32
		{F88FC515-0509-4058-8D54-5B9C18F13C65}.Release|x64.ActiveCfg = Release|Win32
		{754DE6D4-4B5F-48E2-9825-BF15BB6A560F}.Debug|Win32.ActiveCfg = Debug|Win32
		{754DE6D4-4B5F-48E2-9825-BF15BB6A560F}.Debug|Win32.Build.0 = Debug|Win32
		{754DE6D4-4B5F-48E2-9825-BF15BB6A560F}.Debug|x64.ActiveCfg = Debug|Win32
		{754DE6D4-4B5F-48E2-9825-BF15BB6A560F}.Release|Win32.ActiveCfg = Release|Win32
		{754DE6D4-4B5F-48E2-9825-BF15BB6A560F}.Release|Win32.Build.0 = Release|Win32
		{754DE6D4-4B5F-48E2-9825-BF15BB6A560F}.Release|x64.ActiveCfg = Release|Win32
	EndGlobalSection
	GlobalSection(SolutionProperties) = preSolution
		HideSolutionNode = FALSE
	EndGlobalSection
	GlobalSection(NestedProjects) = preSolution
		{3170EE41-EE0A-4D07-A779-7EB5C9A5D82A} = {4310DC2D-3A37-42A6-8549-411516427882}
		{DBE27AEF-0987-48EA-B5F4-0D9B4FE0B201} = {4310DC2D-3A37-42A6-8549-411516427882}
		{B6AEFAC6-A6B0-4435-BA5A-CBB81D9D2F10} = {F8B11B74-56C7-4A56-9BE3-B40E7F7F11EC}
		{F88FC515-0509-4058-8D54-5B9C18F13C65} = {F8B11B74-56C7-4A56-9BE3-B40E7F7F11EC}
		{58B9B588-B3EF-446E-A3F4-2AAF4A0D13AC} = {F8B11B74-56C7-4A56-9BE3-B40E7F7F11EC}
		{B51AF99A-2229-484C-99A4-CF01E6E6F0F8} = {F5C83C7D-CBFE-4758-BF1D-BD2618CC5F3B}
		{754DE6D4-4B5F-48E2-9825-BF15BB6A560F} = {F5C83C7D-CBFE-4758-BF1D-BD2618CC5F3B}
		{F6A3E97B-56F7-4A9D-9887-D70B5403D80D} = {F5C83C7D-CBFE-4758-BF1D-BD2618CC5F3B}
	EndGlobalSection
EndGlobal
